// !$*UTF8*$!
{
	archiveVersion = 1;
	classes = {
	};
	objectVersion = 46;
	objects = {

/* Begin PBXBuildFile section */
		2824A1191CAE534100788020 /* AccSaturationFilter.metal in Sources */ = {isa = PBXBuildFile; fileRef = 2824A1181CAE534100788020 /* AccSaturationFilter.metal */; };
		2824A11B1CAE534700788020 /* AccSaturationFilter.swift in Sources */ = {isa = PBXBuildFile; fileRef = 2824A11A1CAE534700788020 /* AccSaturationFilter.swift */; };
		2824A11D1CAE539200788020 /* AccGammaFilter.swift in Sources */ = {isa = PBXBuildFile; fileRef = 2824A11C1CAE539200788020 /* AccGammaFilter.swift */; };
		2824A11F1CAE539700788020 /* AccGammaFilter.metal in Sources */ = {isa = PBXBuildFile; fileRef = 2824A11E1CAE539700788020 /* AccGammaFilter.metal */; };
		2824A1211CAE540300788020 /* AccColorMatrixFilter.swift in Sources */ = {isa = PBXBuildFile; fileRef = 2824A1201CAE540300788020 /* AccColorMatrixFilter.swift */; };
		2824A1231CAE540F00788020 /* AccColorMatrixFilter.metal in Sources */ = {isa = PBXBuildFile; fileRef = 2824A1221CAE540F00788020 /* AccColorMatrixFilter.metal */; };
		2824A1251CAE546100788020 /* AccBrightnessFilter.swift in Sources */ = {isa = PBXBuildFile; fileRef = 2824A1241CAE546100788020 /* AccBrightnessFilter.swift */; };
		2824A1271CAE594F00788020 /* AccRGBFilter.swift in Sources */ = {isa = PBXBuildFile; fileRef = 2824A1261CAE594F00788020 /* AccRGBFilter.swift */; };
		2824A1291CAE595700788020 /* AccRGBFilter.metal in Sources */ = {isa = PBXBuildFile; fileRef = 2824A1281CAE595700788020 /* AccRGBFilter.metal */; };
		2824A12B1CAE5AC400788020 /* AccHueFilter.swift in Sources */ = {isa = PBXBuildFile; fileRef = 2824A12A1CAE5AC400788020 /* AccHueFilter.swift */; };
		2824A12D1CAE5ACC00788020 /* AccHueFilter.metal in Sources */ = {isa = PBXBuildFile; fileRef = 2824A12C1CAE5ACC00788020 /* AccHueFilter.metal */; };
		2824A12F1CAE5D5A00788020 /* AccMonochromeFilter.swift in Sources */ = {isa = PBXBuildFile; fileRef = 2824A12E1CAE5D5A00788020 /* AccMonochromeFilter.swift */; };
		2824A1311CAE5D6200788020 /* AccMonochromeFilter.metal in Sources */ = {isa = PBXBuildFile; fileRef = 2824A1301CAE5D6200788020 /* AccMonochromeFilter.metal */; };
		287A828E1CAA72D900CD5721 /* AppDelegate.swift in Sources */ = {isa = PBXBuildFile; fileRef = 287A828D1CAA72D900CD5721 /* AppDelegate.swift */; };
		287A82901CAA72D900CD5721 /* ViewController.swift in Sources */ = {isa = PBXBuildFile; fileRef = 287A828F1CAA72D900CD5721 /* ViewController.swift */; };
		287A82931CAA72D900CD5721 /* Main.storyboard in Resources */ = {isa = PBXBuildFile; fileRef = 287A82911CAA72D900CD5721 /* Main.storyboard */; };
		287A82951CAA72D900CD5721 /* Assets.xcassets in Resources */ = {isa = PBXBuildFile; fileRef = 287A82941CAA72D900CD5721 /* Assets.xcassets */; };
		287A82981CAA72D900CD5721 /* LaunchScreen.storyboard in Resources */ = {isa = PBXBuildFile; fileRef = 287A82961CAA72D900CD5721 /* LaunchScreen.storyboard */; };
		287E47C81CAE4D1600DFB82A /* AccBrightnessFilter.metal in Sources */ = {isa = PBXBuildFile; fileRef = 287E47C71CAE4D1600DFB82A /* AccBrightnessFilter.metal */; };
		287E47CA1CAE4DB700DFB82A /* AccImageLevelsFilter.metal in Sources */ = {isa = PBXBuildFile; fileRef = 287E47C91CAE4DB700DFB82A /* AccImageLevelsFilter.metal */; };
		287E47CC1CAE4DC200DFB82A /* AccImageLevelsFilter.swift in Sources */ = {isa = PBXBuildFile; fileRef = 287E47CB1CAE4DC200DFB82A /* AccImageLevelsFilter.swift */; };
		287E47CE1CAE51E200DFB82A /* AccExposureFilter.swift in Sources */ = {isa = PBXBuildFile; fileRef = 287E47CD1CAE51E200DFB82A /* AccExposureFilter.swift */; };
		287E47D01CAE51EB00DFB82A /* AccExposureFilter.metal in Sources */ = {isa = PBXBuildFile; fileRef = 287E47CF1CAE51EB00DFB82A /* AccExposureFilter.metal */; };
		287E47D21CAE524900DFB82A /* AccContrastFilter.swift in Sources */ = {isa = PBXBuildFile; fileRef = 287E47D11CAE524800DFB82A /* AccContrastFilter.swift */; };
		287E47D41CAE525500DFB82A /* AccContrastFilter.metal in Sources */ = {isa = PBXBuildFile; fileRef = 287E47D31CAE525500DFB82A /* AccContrastFilter.metal */; };
		28C6F7D41CAB7324002E59F7 /* AccBase.swift in Sources */ = {isa = PBXBuildFile; fileRef = 28C6F7D31CAB7324002E59F7 /* AccBase.swift */; };
		28C6F7D61CAB736D002E59F7 /* AccImage.swift in Sources */ = {isa = PBXBuildFile; fileRef = 28C6F7D51CAB736D002E59F7 /* AccImage.swift */; };
		28C6F7D81CAB77BC002E59F7 /* AccImageFilter.swift in Sources */ = {isa = PBXBuildFile; fileRef = 28C6F7D71CAB77BC002E59F7 /* AccImageFilter.swift */; };
		28C6F7DA1CABA479002E59F7 /* AccImageFilterShaders.metal in Sources */ = {isa = PBXBuildFile; fileRef = 28C6F7D91CABA479002E59F7 /* AccImageFilterShaders.metal */; };
		28C6F7DD1CABAEA0002E59F7 /* AnimalImage.png in Resources */ = {isa = PBXBuildFile; fileRef = 28C6F7DC1CABAEA0002E59F7 /* AnimalImage.png */; };
/* End PBXBuildFile section */

/* Begin PBXFileReference section */
		2824A1181CAE534100788020 /* AccSaturationFilter.metal */ = {isa = PBXFileReference; fileEncoding = 4; lastKnownFileType = sourcecode.metal; path = AccSaturationFilter.metal; sourceTree = "<group>"; };
		2824A11A1CAE534700788020 /* AccSaturationFilter.swift */ = {isa = PBXFileReference; fileEncoding = 4; lastKnownFileType = sourcecode.swift; path = AccSaturationFilter.swift; sourceTree = "<group>"; };
		2824A11C1CAE539200788020 /* AccGammaFilter.swift */ = {isa = PBXFileReference; fileEncoding = 4; lastKnownFileType = sourcecode.swift; path = AccGammaFilter.swift; sourceTree = "<group>"; };
		2824A11E1CAE539700788020 /* AccGammaFilter.metal */ = {isa = PBXFileReference; fileEncoding = 4; lastKnownFileType = sourcecode.metal; path = AccGammaFilter.metal; sourceTree = "<group>"; };
		2824A1201CAE540300788020 /* AccColorMatrixFilter.swift */ = {isa = PBXFileReference; fileEncoding = 4; lastKnownFileType = sourcecode.swift; path = AccColorMatrixFilter.swift; sourceTree = "<group>"; };
		2824A1221CAE540F00788020 /* AccColorMatrixFilter.metal */ = {isa = PBXFileReference; fileEncoding = 4; lastKnownFileType = sourcecode.metal; path = AccColorMatrixFilter.metal; sourceTree = "<group>"; };
		2824A1241CAE546100788020 /* AccBrightnessFilter.swift */ = {isa = PBXFileReference; fileEncoding = 4; lastKnownFileType = sourcecode.swift; path = AccBrightnessFilter.swift; sourceTree = "<group>"; };
		2824A1261CAE594F00788020 /* AccRGBFilter.swift */ = {isa = PBXFileReference; fileEncoding = 4; lastKnownFileType = sourcecode.swift; path = AccRGBFilter.swift; sourceTree = "<group>"; };
		2824A1281CAE595700788020 /* AccRGBFilter.metal */ = {isa = PBXFileReference; fileEncoding = 4; lastKnownFileType = sourcecode.metal; path = AccRGBFilter.metal; sourceTree = "<group>"; };
		2824A12A1CAE5AC400788020 /* AccHueFilter.swift */ = {isa = PBXFileReference; fileEncoding = 4; lastKnownFileType = sourcecode.swift; path = AccHueFilter.swift; sourceTree = "<group>"; };
		2824A12C1CAE5ACC00788020 /* AccHueFilter.metal */ = {isa = PBXFileReference; fileEncoding = 4; lastKnownFileType = sourcecode.metal; path = AccHueFilter.metal; sourceTree = "<group>"; };
		2824A12E1CAE5D5A00788020 /* AccMonochromeFilter.swift */ = {isa = PBXFileReference; fileEncoding = 4; lastKnownFileType = sourcecode.swift; path = AccMonochromeFilter.swift; sourceTree = "<group>"; };
		2824A1301CAE5D6200788020 /* AccMonochromeFilter.metal */ = {isa = PBXFileReference; fileEncoding = 4; lastKnownFileType = sourcecode.metal; path = AccMonochromeFilter.metal; sourceTree = "<group>"; };
		287A828A1CAA72D900CD5721 /* MetalAcc.app */ = {isa = PBXFileReference; explicitFileType = wrapper.application; includeInIndex = 0; path = MetalAcc.app; sourceTree = BUILT_PRODUCTS_DIR; };
		287A828D1CAA72D900CD5721 /* AppDelegate.swift */ = {isa = PBXFileReference; lastKnownFileType = sourcecode.swift; path = AppDelegate.swift; sourceTree = "<group>"; };
		287A828F1CAA72D900CD5721 /* ViewController.swift */ = {isa = PBXFileReference; lastKnownFileType = sourcecode.swift; path = ViewController.swift; sourceTree = "<group>"; };
		287A82921CAA72D900CD5721 /* Base */ = {isa = PBXFileReference; lastKnownFileType = file.storyboard; name = Base; path = Base.lproj/Main.storyboard; sourceTree = "<group>"; };
		287A82941CAA72D900CD5721 /* Assets.xcassets */ = {isa = PBXFileReference; lastKnownFileType = folder.assetcatalog; path = Assets.xcassets; sourceTree = "<group>"; };
		287A82971CAA72D900CD5721 /* Base */ = {isa = PBXFileReference; lastKnownFileType = file.storyboard; name = Base; path = Base.lproj/LaunchScreen.storyboard; sourceTree = "<group>"; };
		287A82991CAA72D900CD5721 /* Info.plist */ = {isa = PBXFileReference; lastKnownFileType = text.plist.xml; path = Info.plist; sourceTree = "<group>"; };
		287E47C71CAE4D1600DFB82A /* AccBrightnessFilter.metal */ = {isa = PBXFileReference; fileEncoding = 4; lastKnownFileType = sourcecode.metal; path = AccBrightnessFilter.metal; sourceTree = "<group>"; };
		287E47C91CAE4DB700DFB82A /* AccImageLevelsFilter.metal */ = {isa = PBXFileReference; fileEncoding = 4; lastKnownFileType = sourcecode.metal; path = AccImageLevelsFilter.metal; sourceTree = "<group>"; };
		287E47CB1CAE4DC200DFB82A /* AccImageLevelsFilter.swift */ = {isa = PBXFileReference; fileEncoding = 4; lastKnownFileType = sourcecode.swift; path = AccImageLevelsFilter.swift; sourceTree = "<group>"; };
		287E47CD1CAE51E200DFB82A /* AccExposureFilter.swift */ = {isa = PBXFileReference; fileEncoding = 4; lastKnownFileType = sourcecode.swift; path = AccExposureFilter.swift; sourceTree = "<group>"; };
		287E47CF1CAE51EB00DFB82A /* AccExposureFilter.metal */ = {isa = PBXFileReference; fileEncoding = 4; lastKnownFileType = sourcecode.metal; path = AccExposureFilter.metal; sourceTree = "<group>"; };
		287E47D11CAE524800DFB82A /* AccContrastFilter.swift */ = {isa = PBXFileReference; fileEncoding = 4; lastKnownFileType = sourcecode.swift; path = AccContrastFilter.swift; sourceTree = "<group>"; };
		287E47D31CAE525500DFB82A /* AccContrastFilter.metal */ = {isa = PBXFileReference; fileEncoding = 4; lastKnownFileType = sourcecode.metal; path = AccContrastFilter.metal; sourceTree = "<group>"; };
		28C6F7D31CAB7324002E59F7 /* AccBase.swift */ = {isa = PBXFileReference; fileEncoding = 4; lastKnownFileType = sourcecode.swift; path = AccBase.swift; sourceTree = "<group>"; };
		28C6F7D51CAB736D002E59F7 /* AccImage.swift */ = {isa = PBXFileReference; fileEncoding = 4; lastKnownFileType = sourcecode.swift; path = AccImage.swift; sourceTree = "<group>"; };
		28C6F7D71CAB77BC002E59F7 /* AccImageFilter.swift */ = {isa = PBXFileReference; fileEncoding = 4; lastKnownFileType = sourcecode.swift; path = AccImageFilter.swift; sourceTree = "<group>"; };
		28C6F7D91CABA479002E59F7 /* AccImageFilterShaders.metal */ = {isa = PBXFileReference; fileEncoding = 4; lastKnownFileType = sourcecode.metal; path = AccImageFilterShaders.metal; sourceTree = "<group>"; };
		28C6F7DC1CABAEA0002E59F7 /* AnimalImage.png */ = {isa = PBXFileReference; lastKnownFileType = image.png; path = AnimalImage.png; sourceTree = "<group>"; };
/* End PBXFileReference section */

/* Begin PBXFrameworksBuildPhase section */
		287A82871CAA72D900CD5721 /* Frameworks */ = {
			isa = PBXFrameworksBuildPhase;
			buildActionMask = 2147483647;
			files = (
			);
			runOnlyForDeploymentPostprocessing = 0;
		};
/* End PBXFrameworksBuildPhase section */

/* Begin PBXGroup section */
		280C317E1CAD55B7009B55EB /* MetalAcc */ = {
			isa = PBXGroup;
			children = (
			);
			name = MetalAcc;
			sourceTree = "<group>";
		};
		280C317F1CAD55BE009B55EB /* Example */ = {
			isa = PBXGroup;
			children = (
				287A828D1CAA72D900CD5721 /* AppDelegate.swift */,
				287A828F1CAA72D900CD5721 /* ViewController.swift */,
				28C6F7DC1CABAEA0002E59F7 /* AnimalImage.png */,
				287A82911CAA72D900CD5721 /* Main.storyboard */,
				287A82941CAA72D900CD5721 /* Assets.xcassets */,
				287A82961CAA72D900CD5721 /* LaunchScreen.storyboard */,
				287A82991CAA72D900CD5721 /* Info.plist */,
			);
			name = Example;
			sourceTree = "<group>";
		};
		287A82811CAA72D900CD5721 = {
			isa = PBXGroup;
			children = (
				287A828C1CAA72D900CD5721 /* MetalAcc */,
				287A828B1CAA72D900CD5721 /* Products */,
			);
			sourceTree = "<group>";
		};
		287A828B1CAA72D900CD5721 /* Products */ = {
			isa = PBXGroup;
			children = (
				287A828A1CAA72D900CD5721 /* MetalAcc.app */,
			);
			name = Products;
			sourceTree = "<group>";
		};
		287A828C1CAA72D900CD5721 /* MetalAcc */ = {
			isa = PBXGroup;
			children = (
				280C317F1CAD55BE009B55EB /* Example */,
				280C317E1CAD55B7009B55EB /* MetalAcc */,
				28C6F7D31CAB7324002E59F7 /* AccBase.swift */,
				287E47C31CAE4CBF00DFB82A /* AccImageFilter */,
			);
			path = MetalAcc;
			sourceTree = "<group>";
		};
		287E47C31CAE4CBF00DFB82A /* AccImageFilter */ = {
			isa = PBXGroup;
			children = (
				28C6F7D51CAB736D002E59F7 /* AccImage.swift */,
				28C6F7D91CABA479002E59F7 /* AccImageFilterShaders.metal */,
				28C6F7D71CAB77BC002E59F7 /* AccImageFilter.swift */,
				287E47C41CAE4CD100DFB82A /* Color processing */,
			);
			name = AccImageFilter;
			sourceTree = "<group>";
		};
		287E47C41CAE4CD100DFB82A /* Color processing */ = {
			isa = PBXGroup;
			children = (
				2824A1241CAE546100788020 /* AccBrightnessFilter.swift */,
				287E47C71CAE4D1600DFB82A /* AccBrightnessFilter.metal */,
				287E47CB1CAE4DC200DFB82A /* AccImageLevelsFilter.swift */,
				287E47C91CAE4DB700DFB82A /* AccImageLevelsFilter.metal */,
				287E47CD1CAE51E200DFB82A /* AccExposureFilter.swift */,
				287E47CF1CAE51EB00DFB82A /* AccExposureFilter.metal */,
				287E47D11CAE524800DFB82A /* AccContrastFilter.swift */,
				287E47D31CAE525500DFB82A /* AccContrastFilter.metal */,
				2824A11A1CAE534700788020 /* AccSaturationFilter.swift */,
				2824A1181CAE534100788020 /* AccSaturationFilter.metal */,
				2824A11C1CAE539200788020 /* AccGammaFilter.swift */,
				2824A11E1CAE539700788020 /* AccGammaFilter.metal */,
				2824A1201CAE540300788020 /* AccColorMatrixFilter.swift */,
				2824A1221CAE540F00788020 /* AccColorMatrixFilter.metal */,
				2824A1261CAE594F00788020 /* AccRGBFilter.swift */,
				2824A1281CAE595700788020 /* AccRGBFilter.metal */,
				2824A12A1CAE5AC400788020 /* AccHueFilter.swift */,
				2824A12C1CAE5ACC00788020 /* AccHueFilter.metal */,
				2824A12E1CAE5D5A00788020 /* AccMonochromeFilter.swift */,
				2824A1301CAE5D6200788020 /* AccMonochromeFilter.metal */,
			);
			name = "Color processing";
			sourceTree = "<group>";
		};
/* End PBXGroup section */

/* Begin PBXNativeTarget section */
		287A82891CAA72D900CD5721 /* MetalAcc */ = {
			isa = PBXNativeTarget;
			buildConfigurationList = 287A829C1CAA72D900CD5721 /* Build configuration list for PBXNativeTarget "MetalAcc" */;
			buildPhases = (
				287A82861CAA72D900CD5721 /* Sources */,
				287A82871CAA72D900CD5721 /* Frameworks */,
				287A82881CAA72D900CD5721 /* Resources */,
			);
			buildRules = (
			);
			dependencies = (
			);
			name = MetalAcc;
			productName = MetalAcc;
			productReference = 287A828A1CAA72D900CD5721 /* MetalAcc.app */;
			productType = "com.apple.product-type.application";
		};
/* End PBXNativeTarget section */

/* Begin PBXProject section */
		287A82821CAA72D900CD5721 /* Project object */ = {
			isa = PBXProject;
			attributes = {
				LastSwiftUpdateCheck = 0730;
				LastUpgradeCheck = 0730;
				ORGANIZATIONNAME = JW;
				TargetAttributes = {
					287A82891CAA72D900CD5721 = {
						CreatedOnToolsVersion = 7.3;
						DevelopmentTeam = 7EGABX8KQS;
					};
				};
			};
			buildConfigurationList = 287A82851CAA72D900CD5721 /* Build configuration list for PBXProject "MetalAcc" */;
			compatibilityVersion = "Xcode 3.2";
			developmentRegion = English;
			hasScannedForEncodings = 0;
			knownRegions = (
				en,
				Base,
			);
			mainGroup = 287A82811CAA72D900CD5721;
			productRefGroup = 287A828B1CAA72D900CD5721 /* Products */;
			projectDirPath = "";
			projectRoot = "";
			targets = (
				287A82891CAA72D900CD5721 /* MetalAcc */,
			);
		};
/* End PBXProject section */

/* Begin PBXResourcesBuildPhase section */
		287A82881CAA72D900CD5721 /* Resources */ = {
			isa = PBXResourcesBuildPhase;
			buildActionMask = 2147483647;
			files = (
				287A82981CAA72D900CD5721 /* LaunchScreen.storyboard in Resources */,
				287A82951CAA72D900CD5721 /* Assets.xcassets in Resources */,
				287A82931CAA72D900CD5721 /* Main.storyboard in Resources */,
				28C6F7DD1CABAEA0002E59F7 /* AnimalImage.png in Resources */,
			);
			runOnlyForDeploymentPostprocessing = 0;
		};
/* End PBXResourcesBuildPhase section */

/* Begin PBXSourcesBuildPhase section */
		287A82861CAA72D900CD5721 /* Sources */ = {
			isa = PBXSourcesBuildPhase;
			buildActionMask = 2147483647;
			files = (
				2824A12F1CAE5D5A00788020 /* AccMonochromeFilter.swift in Sources */,
				2824A1251CAE546100788020 /* AccBrightnessFilter.swift in Sources */,
				287E47D01CAE51EB00DFB82A /* AccExposureFilter.metal in Sources */,
				287E47C81CAE4D1600DFB82A /* AccBrightnessFilter.metal in Sources */,
				287E47D21CAE524900DFB82A /* AccContrastFilter.swift in Sources */,
				2824A11D1CAE539200788020 /* AccGammaFilter.swift in Sources */,
				2824A1271CAE594F00788020 /* AccRGBFilter.swift in Sources */,
				2824A1231CAE540F00788020 /* AccColorMatrixFilter.metal in Sources */,
				287A82901CAA72D900CD5721 /* ViewController.swift in Sources */,
				2824A1211CAE540300788020 /* AccColorMatrixFilter.swift in Sources */,
				287A828E1CAA72D900CD5721 /* AppDelegate.swift in Sources */,
				287E47CC1CAE4DC200DFB82A /* AccImageLevelsFilter.swift in Sources */,
				287E47CA1CAE4DB700DFB82A /* AccImageLevelsFilter.metal in Sources */,
				2824A11F1CAE539700788020 /* AccGammaFilter.metal in Sources */,
				2824A1291CAE595700788020 /* AccRGBFilter.metal in Sources */,
				28C6F7DA1CABA479002E59F7 /* AccImageFilterShaders.metal in Sources */,
				28C6F7D61CAB736D002E59F7 /* AccImage.swift in Sources */,
				287E47CE1CAE51E200DFB82A /* AccExposureFilter.swift in Sources */,
				2824A12B1CAE5AC400788020 /* AccHueFilter.swift in Sources */,
				2824A12D1CAE5ACC00788020 /* AccHueFilter.metal in Sources */,
				2824A1311CAE5D6200788020 /* AccMonochromeFilter.metal in Sources */,
				2824A11B1CAE534700788020 /* AccSaturationFilter.swift in Sources */,
				287E47D41CAE525500DFB82A /* AccContrastFilter.metal in Sources */,
				2824A1191CAE534100788020 /* AccSaturationFilter.metal in Sources */,
				28C6F7D81CAB77BC002E59F7 /* AccImageFilter.swift in Sources */,
				28C6F7D41CAB7324002E59F7 /* AccBase.swift in Sources */,
			);
			runOnlyForDeploymentPostprocessing = 0;
		};
/* End PBXSourcesBuildPhase section */

/* Begin PBXVariantGroup section */
		287A82911CAA72D900CD5721 /* Main.storyboard */ = {
			isa = PBXVariantGroup;
			children = (
				287A82921CAA72D900CD5721 /* Base */,
			);
			name = Main.storyboard;
			sourceTree = "<group>";
		};
		287A82961CAA72D900CD5721 /* LaunchScreen.storyboard */ = {
			isa = PBXVariantGroup;
			children = (
				287A82971CAA72D900CD5721 /* Base */,
			);
			name = LaunchScreen.storyboard;
			sourceTree = "<group>";
		};
/* End PBXVariantGroup section */

/* Begin XCBuildConfiguration section */
		287A829A1CAA72D900CD5721 /* Debug */ = {
			isa = XCBuildConfiguration;
			buildSettings = {
				ALWAYS_SEARCH_USER_PATHS = NO;
				CLANG_ANALYZER_NONNULL = YES;
				CLANG_CXX_LANGUAGE_STANDARD = "gnu++0x";
				CLANG_CXX_LIBRARY = "libc++";
				CLANG_ENABLE_MODULES = YES;
				CLANG_ENABLE_OBJC_ARC = YES;
				CLANG_WARN_BOOL_CONVERSION = YES;
				CLANG_WARN_CONSTANT_CONVERSION = YES;
				CLANG_WARN_DIRECT_OBJC_ISA_USAGE = YES_ERROR;
				CLANG_WARN_EMPTY_BODY = YES;
				CLANG_WARN_ENUM_CONVERSION = YES;
				CLANG_WARN_INT_CONVERSION = YES;
				CLANG_WARN_OBJC_ROOT_CLASS = YES_ERROR;
				CLANG_WARN_UNREACHABLE_CODE = YES;
				CLANG_WARN__DUPLICATE_METHOD_MATCH = YES;
				"CODE_SIGN_IDENTITY[sdk=iphoneos*]" = "iPhone Developer";
				COPY_PHASE_STRIP = NO;
				DEBUG_INFORMATION_FORMAT = dwarf;
				ENABLE_STRICT_OBJC_MSGSEND = YES;
				ENABLE_TESTABILITY = YES;
				GCC_C_LANGUAGE_STANDARD = gnu99;
				GCC_DYNAMIC_NO_PIC = NO;
				GCC_NO_COMMON_BLOCKS = YES;
				GCC_OPTIMIZATION_LEVEL = 0;
				GCC_PREPROCESSOR_DEFINITIONS = (
					"DEBUG=1",
					"$(inherited)",
				);
				GCC_WARN_64_TO_32_BIT_CONVERSION = YES;
				GCC_WARN_ABOUT_RETURN_TYPE = YES_ERROR;
				GCC_WARN_UNDECLARED_SELECTOR = YES;
				GCC_WARN_UNINITIALIZED_AUTOS = YES_AGGRESSIVE;
				GCC_WARN_UNUSED_FUNCTION = YES;
				GCC_WARN_UNUSED_VARIABLE = YES;
				IPHONEOS_DEPLOYMENT_TARGET = 9.3;
				MTL_ENABLE_DEBUG_INFO = YES;
				ONLY_ACTIVE_ARCH = YES;
				SDKROOT = iphoneos;
				SWIFT_OPTIMIZATION_LEVEL = "-Onone";
				TARGETED_DEVICE_FAMILY = "1,2";
			};
			name = Debug;
		};
		287A829B1CAA72D900CD5721 /* Release */ = {
			isa = XCBuildConfiguration;
			buildSettings = {
				ALWAYS_SEARCH_USER_PATHS = NO;
				CLANG_ANALYZER_NONNULL = YES;
				CLANG_CXX_LANGUAGE_STANDARD = "gnu++0x";
				CLANG_CXX_LIBRARY = "libc++";
				CLANG_ENABLE_MODULES = YES;
				CLANG_ENABLE_OBJC_ARC = YES;
				CLANG_WARN_BOOL_CONVERSION = YES;
				CLANG_WARN_CONSTANT_CONVERSION = YES;
				CLANG_WARN_DIRECT_OBJC_ISA_USAGE = YES_ERROR;
				CLANG_WARN_EMPTY_BODY = YES;
				CLANG_WARN_ENUM_CONVERSION = YES;
				CLANG_WARN_INT_CONVERSION = YES;
				CLANG_WARN_OBJC_ROOT_CLASS = YES_ERROR;
				CLANG_WARN_UNREACHABLE_CODE = YES;
				CLANG_WARN__DUPLICATE_METHOD_MATCH = YES;
				"CODE_SIGN_IDENTITY[sdk=iphoneos*]" = "iPhone Developer";
				COPY_PHASE_STRIP = NO;
				DEBUG_INFORMATION_FORMAT = "dwarf-with-dsym";
				ENABLE_NS_ASSERTIONS = NO;
				ENABLE_STRICT_OBJC_MSGSEND = YES;
				GCC_C_LANGUAGE_STANDARD = gnu99;
				GCC_NO_COMMON_BLOCKS = YES;
				GCC_WARN_64_TO_32_BIT_CONVERSION = YES;
				GCC_WARN_ABOUT_RETURN_TYPE = YES_ERROR;
				GCC_WARN_UNDECLARED_SELECTOR = YES;
				GCC_WARN_UNINITIALIZED_AUTOS = YES_AGGRESSIVE;
				GCC_WARN_UNUSED_FUNCTION = YES;
				GCC_WARN_UNUSED_VARIABLE = YES;
				IPHONEOS_DEPLOYMENT_TARGET = 9.3;
				MTL_ENABLE_DEBUG_INFO = NO;
				SDKROOT = iphoneos;
				TARGETED_DEVICE_FAMILY = "1,2";
				VALIDATE_PRODUCT = YES;
			};
			name = Release;
		};
		287A829D1CAA72D900CD5721 /* Debug */ = {
			isa = XCBuildConfiguration;
			buildSettings = {
				ASSETCATALOG_COMPILER_APPICON_NAME = AppIcon;
				INFOPLIST_FILE = MetalAcc/Info.plist;
				LD_RUNPATH_SEARCH_PATHS = "$(inherited) @executable_path/Frameworks";
				PRODUCT_BUNDLE_IDENTIFIER = me.jw.MetalAcc;
				PRODUCT_NAME = "$(TARGET_NAME)";
			};
			name = Debug;
		};
		287A829E1CAA72D900CD5721 /* Release */ = {
			isa = XCBuildConfiguration;
			buildSettings = {
				ASSETCATALOG_COMPILER_APPICON_NAME = AppIcon;
				INFOPLIST_FILE = MetalAcc/Info.plist;
				LD_RUNPATH_SEARCH_PATHS = "$(inherited) @executable_path/Frameworks";
				PRODUCT_BUNDLE_IDENTIFIER = me.jw.MetalAcc;
				PRODUCT_NAME = "$(TARGET_NAME)";
			};
			name = Release;
		};
/* End XCBuildConfiguration section */

/* Begin XCConfigurationList section */
		287A82851CAA72D900CD5721 /* Build configuration list for PBXProject "MetalAcc" */ = {
			isa = XCConfigurationList;
			buildConfigurations = (
				287A829A1CAA72D900CD5721 /* Debug */,
				287A829B1CAA72D900CD5721 /* Release */,
			);
			defaultConfigurationIsVisible = 0;
			defaultConfigurationName = Release;
		};
		287A829C1CAA72D900CD5721 /* Build configuration list for PBXNativeTarget "MetalAcc" */ = {
			isa = XCConfigurationList;
			buildConfigurations = (
				287A829D1CAA72D900CD5721 /* Debug */,
				287A829E1CAA72D900CD5721 /* Release */,
			);
			defaultConfigurationIsVisible = 0;
			defaultConfigurationName = Release;
		};
/* End XCConfigurationList section */
	};
	rootObject = 287A82821CAA72D900CD5721 /* Project object */;
}
