// !$*UTF8*$!
{
	archiveVersion = 1;
	classes = {
	};
	objectVersion = 46;
	objects = {

/* Begin PBXBuildFile section */
		287A828E1CAA72D900CD5721 /* AppDelegate.swift in Sources */ = {isa = PBXBuildFile; fileRef = 287A828D1CAA72D900CD5721 /* AppDelegate.swift */; };
		287A82901CAA72D900CD5721 /* ViewController.swift in Sources */ = {isa = PBXBuildFile; fileRef = 287A828F1CAA72D900CD5721 /* ViewController.swift */; };
		287A82931CAA72D900CD5721 /* Main.storyboard in Resources */ = {isa = PBXBuildFile; fileRef = 287A82911CAA72D900CD5721 /* Main.storyboard */; };
		287A82951CAA72D900CD5721 /* Assets.xcassets in Resources */ = {isa = PBXBuildFile; fileRef = 287A82941CAA72D900CD5721 /* Assets.xcassets */; };
		287A82981CAA72D900CD5721 /* LaunchScreen.storyboard in Resources */ = {isa = PBXBuildFile; fileRef = 287A82961CAA72D900CD5721 /* LaunchScreen.storyboard */; };
		28C6F7D41CAB7324002E59F7 /* AccBase.swift in Sources */ = {isa = PBXBuildFile; fileRef = 28C6F7D31CAB7324002E59F7 /* AccBase.swift */; };
		28C6F7D61CAB736D002E59F7 /* AccImageBase.swift in Sources */ = {isa = PBXBuildFile; fileRef = 28C6F7D51CAB736D002E59F7 /* AccImageBase.swift */; };
		28C6F7D81CAB77BC002E59F7 /* AccImageFilter.swift in Sources */ = {isa = PBXBuildFile; fileRef = 28C6F7D71CAB77BC002E59F7 /* AccImageFilter.swift */; };
		28C6F7DA1CABA479002E59F7 /* Kernels.metal in Sources */ = {isa = PBXBuildFile; fileRef = 28C6F7D91CABA479002E59F7 /* Kernels.metal */; };
		28C6F7DD1CABAEA0002E59F7 /* AnimalImage2.png in Resources */ = {isa = PBXBuildFile; fileRef = 28C6F7DC1CABAEA0002E59F7 /* AnimalImage2.png */; };
		28C6F7DF1CABB669002E59F7 /* AnimalImage.png in Resources */ = {isa = PBXBuildFile; fileRef = 28C6F7DE1CABB668002E59F7 /* AnimalImage.png */; };
/* End PBXBuildFile section */

/* Begin PBXFileReference section */
		287A828A1CAA72D900CD5721 /* MetalAcc.app */ = {isa = PBXFileReference; explicitFileType = wrapper.application; includeInIndex = 0; path = MetalAcc.app; sourceTree = BUILT_PRODUCTS_DIR; };
		287A828D1CAA72D900CD5721 /* AppDelegate.swift */ = {isa = PBXFileReference; lastKnownFileType = sourcecode.swift; path = AppDelegate.swift; sourceTree = "<group>"; };
		287A828F1CAA72D900CD5721 /* ViewController.swift */ = {isa = PBXFileReference; lastKnownFileType = sourcecode.swift; path = ViewController.swift; sourceTree = "<group>"; };
		287A82921CAA72D900CD5721 /* Base */ = {isa = PBXFileReference; lastKnownFileType = file.storyboard; name = Base; path = Base.lproj/Main.storyboard; sourceTree = "<group>"; };
		287A82941CAA72D900CD5721 /* Assets.xcassets */ = {isa = PBXFileReference; lastKnownFileType = folder.assetcatalog; path = Assets.xcassets; sourceTree = "<group>"; };
		287A82971CAA72D900CD5721 /* Base */ = {isa = PBXFileReference; lastKnownFileType = file.storyboard; name = Base; path = Base.lproj/LaunchScreen.storyboard; sourceTree = "<group>"; };
		287A82991CAA72D900CD5721 /* Info.plist */ = {isa = PBXFileReference; lastKnownFileType = text.plist.xml; path = Info.plist; sourceTree = "<group>"; };
		28C6F7D31CAB7324002E59F7 /* AccBase.swift */ = {isa = PBXFileReference; fileEncoding = 4; lastKnownFileType = sourcecode.swift; path = AccBase.swift; sourceTree = "<group>"; };
		28C6F7D51CAB736D002E59F7 /* AccImageBase.swift */ = {isa = PBXFileReference; fileEncoding = 4; lastKnownFileType = sourcecode.swift; path = AccImageBase.swift; sourceTree = "<group>"; };
		28C6F7D71CAB77BC002E59F7 /* AccImageFilter.swift */ = {isa = PBXFileReference; fileEncoding = 4; lastKnownFileType = sourcecode.swift; path = AccImageFilter.swift; sourceTree = "<group>"; };
		28C6F7D91CABA479002E59F7 /* Kernels.metal */ = {isa = PBXFileReference; fileEncoding = 4; lastKnownFileType = sourcecode.metal; path = Kernels.metal; sourceTree = "<group>"; };
		28C6F7DC1CABAEA0002E59F7 /* AnimalImage2.png */ = {isa = PBXFileReference; lastKnownFileType = image.png; path = AnimalImage2.png; sourceTree = "<group>"; };
		28C6F7DE1CABB668002E59F7 /* AnimalImage.png */ = {isa = PBXFileReference; lastKnownFileType = image.png; path = AnimalImage.png; sourceTree = "<group>"; };
/* End PBXFileReference section */

/* Begin PBXFrameworksBuildPhase section */
		287A82871CAA72D900CD5721 /* Frameworks */ = {
			isa = PBXFrameworksBuildPhase;
			buildActionMask = 2147483647;
			files = (
			);
			runOnlyForDeploymentPostprocessing = 0;
		};
/* End PBXFrameworksBuildPhase section */

/* Begin PBXGroup section */
		287A82811CAA72D900CD5721 = {
			isa = PBXGroup;
			children = (
				287A828C1CAA72D900CD5721 /* MetalAcc */,
				287A828B1CAA72D900CD5721 /* Products */,
			);
			sourceTree = "<group>";
		};
		287A828B1CAA72D900CD5721 /* Products */ = {
			isa = PBXGroup;
			children = (
				287A828A1CAA72D900CD5721 /* MetalAcc.app */,
			);
			name = Products;
			sourceTree = "<group>";
		};
		287A828C1CAA72D900CD5721 /* MetalAcc */ = {
			isa = PBXGroup;
			children = (
				287A828D1CAA72D900CD5721 /* AppDelegate.swift */,
				287A828F1CAA72D900CD5721 /* ViewController.swift */,
				28C6F7D31CAB7324002E59F7 /* AccBase.swift */,
				28C6F7D51CAB736D002E59F7 /* AccImageBase.swift */,
				28C6F7D71CAB77BC002E59F7 /* AccImageFilter.swift */,
				28C6F7D91CABA479002E59F7 /* Kernels.metal */,
				28C6F7DE1CABB668002E59F7 /* AnimalImage.png */,
				28C6F7DC1CABAEA0002E59F7 /* AnimalImage2.png */,
				287A82911CAA72D900CD5721 /* Main.storyboard */,
				287A82941CAA72D900CD5721 /* Assets.xcassets */,
				287A82961CAA72D900CD5721 /* LaunchScreen.storyboard */,
				287A82991CAA72D900CD5721 /* Info.plist */,
			);
			path = MetalAcc;
			sourceTree = "<group>";
		};
/* End PBXGroup section */

/* Begin PBXNativeTarget section */
		287A82891CAA72D900CD5721 /* MetalAcc */ = {
			isa = PBXNativeTarget;
			buildConfigurationList = 287A829C1CAA72D900CD5721 /* Build configuration list for PBXNativeTarget "MetalAcc" */;
			buildPhases = (
				287A82861CAA72D900CD5721 /* Sources */,
				287A82871CAA72D900CD5721 /* Frameworks */,
				287A82881CAA72D900CD5721 /* Resources */,
			);
			buildRules = (
			);
			dependencies = (
			);
			name = MetalAcc;
			productName = MetalAcc;
			productReference = 287A828A1CAA72D900CD5721 /* MetalAcc.app */;
			productType = "com.apple.product-type.application";
		};
/* End PBXNativeTarget section */

/* Begin PBXProject section */
		287A82821CAA72D900CD5721 /* Project object */ = {
			isa = PBXProject;
			attributes = {
				LastSwiftUpdateCheck = 0730;
				LastUpgradeCheck = 0730;
				ORGANIZATIONNAME = JW;
				TargetAttributes = {
					287A82891CAA72D900CD5721 = {
						CreatedOnToolsVersion = 7.3;
						DevelopmentTeam = 7EGABX8KQS;
					};
				};
			};
			buildConfigurationList = 287A82851CAA72D900CD5721 /* Build configuration list for PBXProject "MetalAcc" */;
			compatibilityVersion = "Xcode 3.2";
			developmentRegion = English;
			hasScannedForEncodings = 0;
			knownRegions = (
				en,
				Base,
			);
			mainGroup = 287A82811CAA72D900CD5721;
			productRefGroup = 287A828B1CAA72D900CD5721 /* Products */;
			projectDirPath = "";
			projectRoot = "";
			targets = (
				287A82891CAA72D900CD5721 /* MetalAcc */,
			);
		};
/* End PBXProject section */

/* Begin PBXResourcesBuildPhase section */
		287A82881CAA72D900CD5721 /* Resources */ = {
			isa = PBXResourcesBuildPhase;
			buildActionMask = 2147483647;
			files = (
				287A82981CAA72D900CD5721 /* LaunchScreen.storyboard in Resources */,
				287A82951CAA72D900CD5721 /* Assets.xcassets in Resources */,
				28C6F7DF1CABB669002E59F7 /* AnimalImage.png in Resources */,
				287A82931CAA72D900CD5721 /* Main.storyboard in Resources */,
				28C6F7DD1CABAEA0002E59F7 /* AnimalImage2.png in Resources */,
			);
			runOnlyForDeploymentPostprocessing = 0;
		};
/* End PBXResourcesBuildPhase section */

/* Begin PBXSourcesBuildPhase section */
		287A82861CAA72D900CD5721 /* Sources */ = {
			isa = PBXSourcesBuildPhase;
			buildActionMask = 2147483647;
			files = (
				287A82901CAA72D900CD5721 /* ViewController.swift in Sources */,
				287A828E1CAA72D900CD5721 /* AppDelegate.swift in Sources */,
				28C6F7DA1CABA479002E59F7 /* Kernels.metal in Sources */,
				28C6F7D61CAB736D002E59F7 /* AccImageBase.swift in Sources */,
				28C6F7D81CAB77BC002E59F7 /* AccImageFilter.swift in Sources */,
				28C6F7D41CAB7324002E59F7 /* AccBase.swift in Sources */,
			);
			runOnlyForDeploymentPostprocessing = 0;
		};
/* End PBXSourcesBuildPhase section */

/* Begin PBXVariantGroup section */
		287A82911CAA72D900CD5721 /* Main.storyboard */ = {
			isa = PBXVariantGroup;
			children = (
				287A82921CAA72D900CD5721 /* Base */,
			);
			name = Main.storyboard;
			sourceTree = "<group>";
		};
		287A82961CAA72D900CD5721 /* LaunchScreen.storyboard */ = {
			isa = PBXVariantGroup;
			children = (
				287A82971CAA72D900CD5721 /* Base */,
			);
			name = LaunchScreen.storyboard;
			sourceTree = "<group>";
		};
/* End PBXVariantGroup section */

/* Begin XCBuildConfiguration section */
		287A829A1CAA72D900CD5721 /* Debug */ = {
			isa = XCBuildConfiguration;
			buildSettings = {
				ALWAYS_SEARCH_USER_PATHS = NO;
				CLANG_ANALYZER_NONNULL = YES;
				CLANG_CXX_LANGUAGE_STANDARD = "gnu++0x";
				CLANG_CXX_LIBRARY = "libc++";
				CLANG_ENABLE_MODULES = YES;
				CLANG_ENABLE_OBJC_ARC = YES;
				CLANG_WARN_BOOL_CONVERSION = YES;
				CLANG_WARN_CONSTANT_CONVERSION = YES;
				CLANG_WARN_DIRECT_OBJC_ISA_USAGE = YES_ERROR;
				CLANG_WARN_EMPTY_BODY = YES;
				CLANG_WARN_ENUM_CONVERSION = YES;
				CLANG_WARN_INT_CONVERSION = YES;
				CLANG_WARN_OBJC_ROOT_CLASS = YES_ERROR;
				CLANG_WARN_UNREACHABLE_CODE = YES;
				CLANG_WARN__DUPLICATE_METHOD_MATCH = YES;
				"CODE_SIGN_IDENTITY[sdk=iphoneos*]" = "iPhone Developer";
				COPY_PHASE_STRIP = NO;
				DEBUG_INFORMATION_FORMAT = dwarf;
				ENABLE_STRICT_OBJC_MSGSEND = YES;
				ENABLE_TESTABILITY = YES;
				GCC_C_LANGUAGE_STANDARD = gnu99;
				GCC_DYNAMIC_NO_PIC = NO;
				GCC_NO_COMMON_BLOCKS = YES;
				GCC_OPTIMIZATION_LEVEL = 0;
				GCC_PREPROCESSOR_DEFINITIONS = (
					"DEBUG=1",
					"$(inherited)",
				);
				GCC_WARN_64_TO_32_BIT_CONVERSION = YES;
				GCC_WARN_ABOUT_RETURN_TYPE = YES_ERROR;
				GCC_WARN_UNDECLARED_SELECTOR = YES;
				GCC_WARN_UNINITIALIZED_AUTOS = YES_AGGRESSIVE;
				GCC_WARN_UNUSED_FUNCTION = YES;
				GCC_WARN_UNUSED_VARIABLE = YES;
				IPHONEOS_DEPLOYMENT_TARGET = 9.3;
				MTL_ENABLE_DEBUG_INFO = YES;
				ONLY_ACTIVE_ARCH = YES;
				SDKROOT = iphoneos;
				SWIFT_OPTIMIZATION_LEVEL = "-Onone";
				TARGETED_DEVICE_FAMILY = "1,2";
			};
			name = Debug;
		};
		287A829B1CAA72D900CD5721 /* Release */ = {
			isa = XCBuildConfiguration;
			buildSettings = {
				ALWAYS_SEARCH_USER_PATHS = NO;
				CLANG_ANALYZER_NONNULL = YES;
				CLANG_CXX_LANGUAGE_STANDARD = "gnu++0x";
				CLANG_CXX_LIBRARY = "libc++";
				CLANG_ENABLE_MODULES = YES;
				CLANG_ENABLE_OBJC_ARC = YES;
				CLANG_WARN_BOOL_CONVERSION = YES;
				CLANG_WARN_CONSTANT_CONVERSION = YES;
				CLANG_WARN_DIRECT_OBJC_ISA_USAGE = YES_ERROR;
				CLANG_WARN_EMPTY_BODY = YES;
				CLANG_WARN_ENUM_CONVERSION = YES;
				CLANG_WARN_INT_CONVERSION = YES;
				CLANG_WARN_OBJC_ROOT_CLASS = YES_ERROR;
				CLANG_WARN_UNREACHABLE_CODE = YES;
				CLANG_WARN__DUPLICATE_METHOD_MATCH = YES;
				"CODE_SIGN_IDENTITY[sdk=iphoneos*]" = "iPhone Developer";
				COPY_PHASE_STRIP = NO;
				DEBUG_INFORMATION_FORMAT = "dwarf-with-dsym";
				ENABLE_NS_ASSERTIONS = NO;
				ENABLE_STRICT_OBJC_MSGSEND = YES;
				GCC_C_LANGUAGE_STANDARD = gnu99;
				GCC_NO_COMMON_BLOCKS = YES;
				GCC_WARN_64_TO_32_BIT_CONVERSION = YES;
				GCC_WARN_ABOUT_RETURN_TYPE = YES_ERROR;
				GCC_WARN_UNDECLARED_SELECTOR = YES;
				GCC_WARN_UNINITIALIZED_AUTOS = YES_AGGRESSIVE;
				GCC_WARN_UNUSED_FUNCTION = YES;
				GCC_WARN_UNUSED_VARIABLE = YES;
				IPHONEOS_DEPLOYMENT_TARGET = 9.3;
				MTL_ENABLE_DEBUG_INFO = NO;
				SDKROOT = iphoneos;
				TARGETED_DEVICE_FAMILY = "1,2";
				VALIDATE_PRODUCT = YES;
			};
			name = Release;
		};
		287A829D1CAA72D900CD5721 /* Debug */ = {
			isa = XCBuildConfiguration;
			buildSettings = {
				ASSETCATALOG_COMPILER_APPICON_NAME = AppIcon;
				INFOPLIST_FILE = MetalAcc/Info.plist;
				LD_RUNPATH_SEARCH_PATHS = "$(inherited) @executable_path/Frameworks";
				PRODUCT_BUNDLE_IDENTIFIER = me.jw.MetalAcc;
				PRODUCT_NAME = "$(TARGET_NAME)";
			};
			name = Debug;
		};
		287A829E1CAA72D900CD5721 /* Release */ = {
			isa = XCBuildConfiguration;
			buildSettings = {
				ASSETCATALOG_COMPILER_APPICON_NAME = AppIcon;
				INFOPLIST_FILE = MetalAcc/Info.plist;
				LD_RUNPATH_SEARCH_PATHS = "$(inherited) @executable_path/Frameworks";
				PRODUCT_BUNDLE_IDENTIFIER = me.jw.MetalAcc;
				PRODUCT_NAME = "$(TARGET_NAME)";
			};
			name = Release;
		};
/* End XCBuildConfiguration section */

/* Begin XCConfigurationList section */
		287A82851CAA72D900CD5721 /* Build configuration list for PBXProject "MetalAcc" */ = {
			isa = XCConfigurationList;
			buildConfigurations = (
				287A829A1CAA72D900CD5721 /* Debug */,
				287A829B1CAA72D900CD5721 /* Release */,
			);
			defaultConfigurationIsVisible = 0;
			defaultConfigurationName = Release;
		};
		287A829C1CAA72D900CD5721 /* Build configuration list for PBXNativeTarget "MetalAcc" */ = {
			isa = XCConfigurationList;
			buildConfigurations = (
				287A829D1CAA72D900CD5721 /* Debug */,
				287A829E1CAA72D900CD5721 /* Release */,
			);
			defaultConfigurationIsVisible = 0;
			defaultConfigurationName = Release;
		};
/* End XCConfigurationList section */
	};
	rootObject = 287A82821CAA72D900CD5721 /* Project object */;
}
