// !$*UTF8*$!
{
	archiveVersion = 1;
	classes = {
	};
	objectVersion = 46;
	objects = {

/* Begin PBXBuildFile section */
		2824A17E1CAE78D000788020 /* AppDelegate.swift in Sources */ = {isa = PBXBuildFile; fileRef = 2824A17D1CAE78D000788020 /* AppDelegate.swift */; };
		2824A1801CAE78D000788020 /* ViewController.swift in Sources */ = {isa = PBXBuildFile; fileRef = 2824A17F1CAE78D000788020 /* ViewController.swift */; };
		2824A1831CAE78D000788020 /* Main.storyboard in Resources */ = {isa = PBXBuildFile; fileRef = 2824A1811CAE78D000788020 /* Main.storyboard */; };
		2824A1851CAE78D000788020 /* Assets.xcassets in Resources */ = {isa = PBXBuildFile; fileRef = 2824A1841CAE78D000788020 /* Assets.xcassets */; };
		2824A1881CAE78D000788020 /* LaunchScreen.storyboard in Resources */ = {isa = PBXBuildFile; fileRef = 2824A1861CAE78D000788020 /* LaunchScreen.storyboard */; };
		2824A2861CAE835800788020 /* AnimalImage.png in Resources */ = {isa = PBXBuildFile; fileRef = 2824A2851CAE835800788020 /* AnimalImage.png */; };
		2841E9661CAFCD80002A4BE0 /* MetalAcc.framework in Frameworks */ = {isa = PBXBuildFile; fileRef = 282E8A751CAE8A6C008532CA /* MetalAcc.framework */; };
		2841E9671CAFCD80002A4BE0 /* MetalAcc.framework in Embed Frameworks */ = {isa = PBXBuildFile; fileRef = 282E8A751CAE8A6C008532CA /* MetalAcc.framework */; settings = {ATTRIBUTES = (CodeSignOnCopy, RemoveHeadersOnCopy, ); }; };
/* End PBXBuildFile section */

/* Begin PBXContainerItemProxy section */
		282E8A741CAE8A6C008532CA /* PBXContainerItemProxy */ = {
			isa = PBXContainerItemProxy;
			containerPortal = 2824A2871CAE838200788020 /* MetalAcc.xcodeproj */;
			proxyType = 2;
			remoteGlobalIDString = 2824A2151CAE7A8D00788020;
			remoteInfo = MetalAcc;
		};
		2841E9681CAFCD80002A4BE0 /* PBXContainerItemProxy */ = {
			isa = PBXContainerItemProxy;
			containerPortal = 2824A2871CAE838200788020 /* MetalAcc.xcodeproj */;
			proxyType = 1;
			remoteGlobalIDString = 2824A2141CAE7A8D00788020;
			remoteInfo = MetalAcc;
		};
/* End PBXContainerItemProxy section */

/* Begin PBXCopyFilesBuildPhase section */
		2841E96A1CAFCD80002A4BE0 /* Embed Frameworks */ = {
			isa = PBXCopyFilesBuildPhase;
			buildActionMask = 2147483647;
			dstPath = "";
			dstSubfolderSpec = 10;
			files = (
				2841E9671CAFCD80002A4BE0 /* MetalAcc.framework in Embed Frameworks */,
			);
			name = "Embed Frameworks";
			runOnlyForDeploymentPostprocessing = 0;
		};
/* End PBXCopyFilesBuildPhase section */

/* Begin PBXFileReference section */
		2824A17A1CAE78D000788020 /* MetalAccExample.app */ = {isa = PBXFileReference; explicitFileType = wrapper.application; includeInIndex = 0; path = MetalAccExample.app; sourceTree = BUILT_PRODUCTS_DIR; };
		2824A17D1CAE78D000788020 /* AppDelegate.swift */ = {isa = PBXFileReference; lastKnownFileType = sourcecode.swift; path = AppDelegate.swift; sourceTree = "<group>"; };
		2824A17F1CAE78D000788020 /* ViewController.swift */ = {isa = PBXFileReference; lastKnownFileType = sourcecode.swift; path = ViewController.swift; sourceTree = "<group>"; };
		2824A1821CAE78D000788020 /* Base */ = {isa = PBXFileReference; lastKnownFileType = file.storyboard; name = Base; path = Base.lproj/Main.storyboard; sourceTree = "<group>"; };
		2824A1841CAE78D000788020 /* Assets.xcassets */ = {isa = PBXFileReference; lastKnownFileType = folder.assetcatalog; path = Assets.xcassets; sourceTree = "<group>"; };
		2824A1871CAE78D000788020 /* Base */ = {isa = PBXFileReference; lastKnownFileType = file.storyboard; name = Base; path = Base.lproj/LaunchScreen.storyboard; sourceTree = "<group>"; };
		2824A1891CAE78D000788020 /* Info.plist */ = {isa = PBXFileReference; lastKnownFileType = text.plist.xml; path = Info.plist; sourceTree = "<group>"; };
		2824A2851CAE835800788020 /* AnimalImage.png */ = {isa = PBXFileReference; lastKnownFileType = image.png; path = AnimalImage.png; sourceTree = "<group>"; };
		2824A2871CAE838200788020 /* MetalAcc.xcodeproj */ = {isa = PBXFileReference; lastKnownFileType = "wrapper.pb-project"; name = MetalAcc.xcodeproj; path = ../MetalAcc.xcodeproj; sourceTree = "<group>"; };
/* End PBXFileReference section */

/* Begin PBXFrameworksBuildPhase section */
		2824A1771CAE78D000788020 /* Frameworks */ = {
			isa = PBXFrameworksBuildPhase;
			buildActionMask = 2147483647;
			files = (
				2841E9661CAFCD80002A4BE0 /* MetalAcc.framework in Frameworks */,
			);
			runOnlyForDeploymentPostprocessing = 0;
		};
/* End PBXFrameworksBuildPhase section */

/* Begin PBXGroup section */
		2824A1711CAE78D000788020 = {
			isa = PBXGroup;
			children = (
				2824A17C1CAE78D000788020 /* MetalAccExample */,
				2824A2871CAE838200788020 /* MetalAcc.xcodeproj */,
				2824A17B1CAE78D000788020 /* Products */,
			);
			sourceTree = "<group>";
		};
		2824A17B1CAE78D000788020 /* Products */ = {
			isa = PBXGroup;
			children = (
				2824A17A1CAE78D000788020 /* MetalAccExample.app */,
			);
			name = Products;
			sourceTree = "<group>";
		};
		2824A17C1CAE78D000788020 /* MetalAccExample */ = {
			isa = PBXGroup;
			children = (
				2824A17D1CAE78D000788020 /* AppDelegate.swift */,
				2824A17F1CAE78D000788020 /* ViewController.swift */,
				2824A1811CAE78D000788020 /* Main.storyboard */,
				2824A2851CAE835800788020 /* AnimalImage.png */,
				2824A1841CAE78D000788020 /* Assets.xcassets */,
				2824A1861CAE78D000788020 /* LaunchScreen.storyboard */,
				2824A1891CAE78D000788020 /* Info.plist */,
			);
			path = MetalAccExample;
			sourceTree = "<group>";
		};
		282E8A711CAE8A6C008532CA /* Products */ = {
			isa = PBXGroup;
			children = (
				282E8A751CAE8A6C008532CA /* MetalAcc.framework */,
			);
			name = Products;
			sourceTree = "<group>";
		};
/* End PBXGroup section */

/* Begin PBXNativeTarget section */
		2824A1791CAE78D000788020 /* MetalAccExample */ = {
			isa = PBXNativeTarget;
			buildConfigurationList = 2824A18C1CAE78D000788020 /* Build configuration list for PBXNativeTarget "MetalAccExample" */;
			buildPhases = (
				2824A1761CAE78D000788020 /* Sources */,
				2824A1771CAE78D000788020 /* Frameworks */,
				2824A1781CAE78D000788020 /* Resources */,
				2841E96A1CAFCD80002A4BE0 /* Embed Frameworks */,
			);
			buildRules = (
			);
			dependencies = (
				2841E9691CAFCD80002A4BE0 /* PBXTargetDependency */,
			);
			name = MetalAccExample;
			productName = MetalAccExample;
			productReference = 2824A17A1CAE78D000788020 /* MetalAccExample.app */;
			productType = "com.apple.product-type.application";
		};
/* End PBXNativeTarget section */

/* Begin PBXProject section */
		2824A1721CAE78D000788020 /* Project object */ = {
			isa = PBXProject;
			attributes = {
				LastSwiftUpdateCheck = 0730;
				LastUpgradeCheck = 0730;
				ORGANIZATIONNAME = JW;
				TargetAttributes = {
					2824A1791CAE78D000788020 = {
						CreatedOnToolsVersion = 7.3;
						DevelopmentTeam = 7EGABX8KQS;
					};
				};
			};
			buildConfigurationList = 2824A1751CAE78D000788020 /* Build configuration list for PBXProject "MetalAccExample" */;
			compatibilityVersion = "Xcode 3.2";
			developmentRegion = English;
			hasScannedForEncodings = 0;
			knownRegions = (
				en,
				Base,
			);
			mainGroup = 2824A1711CAE78D000788020;
			productRefGroup = 2824A17B1CAE78D000788020 /* Products */;
			projectDirPath = "";
			projectReferences = (
				{
					ProductGroup = 282E8A711CAE8A6C008532CA /* Products */;
					ProjectRef = 2824A2871CAE838200788020 /* MetalAcc.xcodeproj */;
				},
			);
			projectRoot = "";
			targets = (
				2824A1791CAE78D000788020 /* MetalAccExample */,
			);
		};
/* End PBXProject section */

/* Begin PBXReferenceProxy section */
		282E8A751CAE8A6C008532CA /* MetalAcc.framework */ = {
			isa = PBXReferenceProxy;
			fileType = wrapper.framework;
			path = MetalAcc.framework;
			remoteRef = 282E8A741CAE8A6C008532CA /* PBXContainerItemProxy */;
			sourceTree = BUILT_PRODUCTS_DIR;
		};
/* End PBXReferenceProxy section */

/* Begin PBXResourcesBuildPhase section */
		2824A1781CAE78D000788020 /* Resources */ = {
			isa = PBXResourcesBuildPhase;
			buildActionMask = 2147483647;
			files = (
				2824A1881CAE78D000788020 /* LaunchScreen.storyboard in Resources */,
				2824A1851CAE78D000788020 /* Assets.xcassets in Resources */,
				2824A1831CAE78D000788020 /* Main.storyboard in Resources */,
				2824A2861CAE835800788020 /* AnimalImage.png in Resources */,
			);
			runOnlyForDeploymentPostprocessing = 0;
		};
/* End PBXResourcesBuildPhase section */

/* Begin PBXSourcesBuildPhase section */
		2824A1761CAE78D000788020 /* Sources */ = {
			isa = PBXSourcesBuildPhase;
			buildActionMask = 2147483647;
			files = (
				2824A1801CAE78D000788020 /* ViewController.swift in Sources */,
				2824A17E1CAE78D000788020 /* AppDelegate.swift in Sources */,
			);
			runOnlyForDeploymentPostprocessing = 0;
		};
/* End PBXSourcesBuildPhase section */

/* Begin PBXTargetDependency section */
		2841E9691CAFCD80002A4BE0 /* PBXTargetDependency */ = {
			isa = PBXTargetDependency;
			name = MetalAcc;
			targetProxy = 2841E9681CAFCD80002A4BE0 /* PBXContainerItemProxy */;
		};
/* End PBXTargetDependency section */

/* Begin PBXVariantGroup section */
		2824A1811CAE78D000788020 /* Main.storyboard */ = {
			isa = PBXVariantGroup;
			children = (
				2824A1821CAE78D000788020 /* Base */,
			);
			name = Main.storyboard;
			sourceTree = "<group>";
		};
		2824A1861CAE78D000788020 /* LaunchScreen.storyboard */ = {
			isa = PBXVariantGroup;
			children = (
				2824A1871CAE78D000788020 /* Base */,
			);
			name = LaunchScreen.storyboard;
			sourceTree = "<group>";
		};
/* End PBXVariantGroup section */

/* Begin XCBuildConfiguration section */
		2824A18A1CAE78D000788020 /* Debug */ = {
			isa = XCBuildConfiguration;
			buildSettings = {
				ALWAYS_SEARCH_USER_PATHS = NO;
				CLANG_ANALYZER_NONNULL = YES;
				CLANG_CXX_LANGUAGE_STANDARD = "gnu++0x";
				CLANG_CXX_LIBRARY = "libc++";
				CLANG_ENABLE_MODULES = YES;
				CLANG_ENABLE_OBJC_ARC = YES;
				CLANG_WARN_BOOL_CONVERSION = YES;
				CLANG_WARN_CONSTANT_CONVERSION = YES;
				CLANG_WARN_DIRECT_OBJC_ISA_USAGE = YES_ERROR;
				CLANG_WARN_EMPTY_BODY = YES;
				CLANG_WARN_ENUM_CONVERSION = YES;
				CLANG_WARN_INT_CONVERSION = YES;
				CLANG_WARN_OBJC_ROOT_CLASS = YES_ERROR;
				CLANG_WARN_UNREACHABLE_CODE = YES;
				CLANG_WARN__DUPLICATE_METHOD_MATCH = YES;
				"CODE_SIGN_IDENTITY[sdk=iphoneos*]" = "iPhone Developer";
				COPY_PHASE_STRIP = NO;
				DEBUG_INFORMATION_FORMAT = dwarf;
				ENABLE_STRICT_OBJC_MSGSEND = YES;
				ENABLE_TESTABILITY = YES;
				GCC_C_LANGUAGE_STANDARD = gnu99;
				GCC_DYNAMIC_NO_PIC = NO;
				GCC_NO_COMMON_BLOCKS = YES;
				GCC_OPTIMIZATION_LEVEL = 0;
				GCC_PREPROCESSOR_DEFINITIONS = (
					"DEBUG=1",
					"$(inherited)",
				);
				GCC_WARN_64_TO_32_BIT_CONVERSION = YES;
				GCC_WARN_ABOUT_RETURN_TYPE = YES_ERROR;
				GCC_WARN_UNDECLARED_SELECTOR = YES;
				GCC_WARN_UNINITIALIZED_AUTOS = YES_AGGRESSIVE;
				GCC_WARN_UNUSED_FUNCTION = YES;
				GCC_WARN_UNUSED_VARIABLE = YES;
				IPHONEOS_DEPLOYMENT_TARGET = 9.3;
				MTL_ENABLE_DEBUG_INFO = YES;
				ONLY_ACTIVE_ARCH = YES;
				SDKROOT = iphoneos;
				SWIFT_OPTIMIZATION_LEVEL = "-Onone";
				TARGETED_DEVICE_FAMILY = "1,2";
			};
			name = Debug;
		};
		2824A18B1CAE78D000788020 /* Release */ = {
			isa = XCBuildConfiguration;
			buildSettings = {
				ALWAYS_SEARCH_USER_PATHS = NO;
				CLANG_ANALYZER_NONNULL = YES;
				CLANG_CXX_LANGUAGE_STANDARD = "gnu++0x";
				CLANG_CXX_LIBRARY = "libc++";
				CLANG_ENABLE_MODULES = YES;
				CLANG_ENABLE_OBJC_ARC = YES;
				CLANG_WARN_BOOL_CONVERSION = YES;
				CLANG_WARN_CONSTANT_CONVERSION = YES;
				CLANG_WARN_DIRECT_OBJC_ISA_USAGE = YES_ERROR;
				CLANG_WARN_EMPTY_BODY = YES;
				CLANG_WARN_ENUM_CONVERSION = YES;
				CLANG_WARN_INT_CONVERSION = YES;
				CLANG_WARN_OBJC_ROOT_CLASS = YES_ERROR;
				CLANG_WARN_UNREACHABLE_CODE = YES;
				CLANG_WARN__DUPLICATE_METHOD_MATCH = YES;
				"CODE_SIGN_IDENTITY[sdk=iphoneos*]" = "iPhone Developer";
				COPY_PHASE_STRIP = NO;
				DEBUG_INFORMATION_FORMAT = "dwarf-with-dsym";
				ENABLE_NS_ASSERTIONS = NO;
				ENABLE_STRICT_OBJC_MSGSEND = YES;
				GCC_C_LANGUAGE_STANDARD = gnu99;
				GCC_NO_COMMON_BLOCKS = YES;
				GCC_WARN_64_TO_32_BIT_CONVERSION = YES;
				GCC_WARN_ABOUT_RETURN_TYPE = YES_ERROR;
				GCC_WARN_UNDECLARED_SELECTOR = YES;
				GCC_WARN_UNINITIALIZED_AUTOS = YES_AGGRESSIVE;
				GCC_WARN_UNUSED_FUNCTION = YES;
				GCC_WARN_UNUSED_VARIABLE = YES;
				IPHONEOS_DEPLOYMENT_TARGET = 9.3;
				MTL_ENABLE_DEBUG_INFO = NO;
				SDKROOT = iphoneos;
				TARGETED_DEVICE_FAMILY = "1,2";
				VALIDATE_PRODUCT = YES;
			};
			name = Release;
		};
		2824A18D1CAE78D000788020 /* Debug */ = {
			isa = XCBuildConfiguration;
			buildSettings = {
				ASSETCATALOG_COMPILER_APPICON_NAME = AppIcon;
				EMBEDDED_CONTENT_CONTAINS_SWIFT = YES;
				INFOPLIST_FILE = MetalAccExample/Info.plist;
				LD_RUNPATH_SEARCH_PATHS = "$(inherited) @executable_path/Frameworks";
				PRODUCT_BUNDLE_IDENTIFIER = me.jw.MetalAccExample;
				PRODUCT_NAME = "$(TARGET_NAME)";
			};
			name = Debug;
		};
		2824A18E1CAE78D000788020 /* Release */ = {
			isa = XCBuildConfiguration;
			buildSettings = {
				ASSETCATALOG_COMPILER_APPICON_NAME = AppIcon;
				EMBEDDED_CONTENT_CONTAINS_SWIFT = YES;
				INFOPLIST_FILE = MetalAccExample/Info.plist;
				LD_RUNPATH_SEARCH_PATHS = "$(inherited) @executable_path/Frameworks";
				PRODUCT_BUNDLE_IDENTIFIER = me.jw.MetalAccExample;
				PRODUCT_NAME = "$(TARGET_NAME)";
			};
			name = Release;
		};
/* End XCBuildConfiguration section */

/* Begin XCConfigurationList section */
		2824A1751CAE78D000788020 /* Build configuration list for PBXProject "MetalAccExample" */ = {
			isa = XCConfigurationList;
			buildConfigurations = (
				2824A18A1CAE78D000788020 /* Debug */,
				2824A18B1CAE78D000788020 /* Release */,
			);
			defaultConfigurationIsVisible = 0;
			defaultConfigurationName = Release;
		};
		2824A18C1CAE78D000788020 /* Build configuration list for PBXNativeTarget "MetalAccExample" */ = {
			isa = XCConfigurationList;
			buildConfigurations = (
				2824A18D1CAE78D000788020 /* Debug */,
				2824A18E1CAE78D000788020 /* Release */,
			);
			defaultConfigurationIsVisible = 0;
			defaultConfigurationName = Release;
		};
/* End XCConfigurationList section */
	};
	rootObject = 2824A1721CAE78D000788020 /* Project object */;
}
